
Microsoft Visual Studio Solution File, Format Version 12.00
# Visual Studio Version 16
VisualStudioVersion = 16.0.30413.136
MinimumVisualStudioVersion = 10.0.40219.1
Project("{FAE04EC0-301F-11D3-BF4B-00C04F79EFBC}") = "HypercubeUsage", "HypercubeUsage.csproj", "{D14904A9-260C-48C4-B3E1-620CA0977C28}"
EndProject
Global
	GlobalSection(SolutionConfigurationPlatforms) = preSolution
		Debug|Any CPU = Debug|Any CPU
		Release|Any CPU = Release|Any CPU
	EndGlobalSection
	GlobalSection(ProjectConfigurationPlatforms) = postSolution
		{D14904A9-260C-48C4-B3E1-620CA0977C28}.Debug|Any CPU.ActiveCfg = Debug|Any CPU
		{D14904A9-260C-48C4-B3E1-620CA0977C28}.Debug|Any CPU.Build.0 = Debug|Any CPU
		{D14904A9-260C-48C4-B3E1-620CA0977C28}.Release|Any CPU.ActiveCfg = Release|Any CPU
		{D14904A9-260C-48C4-B3E1-620CA0977C28}.Release|Any CPU.Build.0 = Release|Any CPU
	EndGlobalSection
	GlobalSection(SolutionProperties) = preSolution
		HideSolutionNode = FALSE
	EndGlobalSection
	GlobalSection(ExtensibilityGlobals) = postSolution
		SolutionGuid = {23A7D18F-AEA4-4FB1-867E-2BA7F680EDD6}
	EndGlobalSection
EndGlobal
